
Microsoft Visual Studio Solution File, Format Version 12.00
# Visual Studio Version 17
VisualStudioVersion = 17.0.31912.275
MinimumVisualStudioVersion = 10.0.40219.1
Project("{FAE04EC0-301F-11D3-BF4B-00C04F79EFBC}") = "pruebaGit", "pruebaGit\pruebaGit.csproj", "{7BE73DE9-41D8-415E-847F-8D0100811369}"
EndProject
Global
	GlobalSection(SolutionConfigurationPlatforms) = preSolution
		Debug|Any CPU = Debug|Any CPU
		Release|Any CPU = Release|Any CPU
	EndGlobalSection
	GlobalSection(ProjectConfigurationPlatforms) = postSolution
		{7BE73DE9-41D8-415E-847F-8D0100811369}.Debug|Any CPU.ActiveCfg = Debug|Any CPU
		{7BE73DE9-41D8-415E-847F-8D0100811369}.Debug|Any CPU.Build.0 = Debug|Any CPU
		{7BE73DE9-41D8-415E-847F-8D0100811369}.Release|Any CPU.ActiveCfg = Release|Any CPU
		{7BE73DE9-41D8-415E-847F-8D0100811369}.Release|Any CPU.Build.0 = Release|Any CPU
	EndGlobalSection
	GlobalSection(SolutionProperties) = preSolution
		HideSolutionNode = FALSE
	EndGlobalSection
	GlobalSection(ExtensibilityGlobals) = postSolution
		SolutionGuid = {C39D20DD-783C-4C71-921D-538E1ADACF2D}
	EndGlobalSection
EndGlobal
